
Microsoft Visual Studio Solution File, Format Version 12.00
# Visual Studio Version 17
VisualStudioVersion = 17.13.35825.156
MinimumVisualStudioVersion = 10.0.40219.1
Project("{FAE04EC0-301F-11D3-BF4B-00C04F79EFBC}") = "ResaleApi", "ResaleApi\ResaleApi.csproj", "{78AC5311-1B5C-44B9-B057-8D694FCCB25F}"
EndProject
Project("{FAE04EC0-301F-11D3-BF4B-00C04F79EFBC}") = "CompanyRequestApi", "CompanyRequestApi\CompanyRequestApi.csproj", "{9FB278D2-F670-427E-993C-375F76F71359}"
EndProject
Project("{FAE04EC0-301F-11D3-BF4B-00C04F79EFBC}") = "Common", "Common\Common.csproj", "{8984BF94-DBDD-4F6C-9C4C-6C763DBC0C52}"
EndProject
Global
	GlobalSection(SolutionConfigurationPlatforms) = preSolution
		Debug|Any CPU = Debug|Any CPU
		Release|Any CPU = Release|Any CPU
	EndGlobalSection
	GlobalSection(ProjectConfigurationPlatforms) = postSolution
		{78AC5311-1B5C-44B9-B057-8D694FCCB25F}.Debug|Any CPU.ActiveCfg = Debug|Any CPU
		{78AC5311-1B5C-44B9-B057-8D694FCCB25F}.Debug|Any CPU.Build.0 = Debug|Any CPU
		{78AC5311-1B5C-44B9-B057-8D694FCCB25F}.Release|Any CPU.ActiveCfg = Release|Any CPU
		{78AC5311-1B5C-44B9-B057-8D694FCCB25F}.Release|Any CPU.Build.0 = Release|Any CPU
		{9FB278D2-F670-427E-993C-375F76F71359}.Debug|Any CPU.ActiveCfg = Debug|Any CPU
		{9FB278D2-F670-427E-993C-375F76F71359}.Debug|Any CPU.Build.0 = Debug|Any CPU
		{9FB278D2-F670-427E-993C-375F76F71359}.Release|Any CPU.ActiveCfg = Release|Any CPU
		{9FB278D2-F670-427E-993C-375F76F71359}.Release|Any CPU.Build.0 = Release|Any CPU
		{8984BF94-DBDD-4F6C-9C4C-6C763DBC0C52}.Debug|Any CPU.ActiveCfg = Debug|Any CPU
		{8984BF94-DBDD-4F6C-9C4C-6C763DBC0C52}.Debug|Any CPU.Build.0 = Debug|Any CPU
		{8984BF94-DBDD-4F6C-9C4C-6C763DBC0C52}.Release|Any CPU.ActiveCfg = Release|Any CPU
		{8984BF94-DBDD-4F6C-9C4C-6C763DBC0C52}.Release|Any CPU.Build.0 = Release|Any CPU
		{55BB57D6-FAFB-430C-88DA-B3391A74D129}.Debug|Any CPU.ActiveCfg = Debug|Any CPU
		{55BB57D6-FAFB-430C-88DA-B3391A74D129}.Debug|Any CPU.Build.0 = Debug|Any CPU
		{55BB57D6-FAFB-430C-88DA-B3391A74D129}.Release|Any CPU.ActiveCfg = Release|Any CPU
		{55BB57D6-FAFB-430C-88DA-B3391A74D129}.Release|Any CPU.Build.0 = Release|Any CPU
	EndGlobalSection
	GlobalSection(SolutionProperties) = preSolution
		HideSolutionNode = FALSE
	EndGlobalSection
	GlobalSection(ExtensibilityGlobals) = postSolution
		SolutionGuid = {D5A45EA7-19EA-448E-BF1A-9B325DAB42A6}
	EndGlobalSection
EndGlobal
